
Microsoft Visual Studio Solution File, Format Version 12.00
# Visual Studio Version 17
VisualStudioVersion = 17.4.33122.133
MinimumVisualStudioVersion = 10.0.40219.1
Project("{FAE04EC0-301F-11D3-BF4B-00C04F79EFBC}") = "Domain", "Domain\Domain.csproj", "{FAFDA532-7BA2-40FD-A290-9234BC661884}"
EndProject
Project("{2150E333-8FDC-42A3-9474-1A3956D46DE8}") = "1 - Apresentação", "1 - Apresentação", "{D55BC61A-C0A5-44C6-8AAD-DAB8FE6E9140}"
EndProject
Project("{2150E333-8FDC-42A3-9474-1A3956D46DE8}") = "2 - Dominio", "2 - Dominio", "{A582DC55-3F70-47FE-AA85-74BB8F4319E7}"
EndProject
Project("{2150E333-8FDC-42A3-9474-1A3956D46DE8}") = "3 - Infraestrutura", "3 - Infraestrutura", "{2E6238EC-03B4-47E1-A9BF-F9429615D04F}"
EndProject
Project("{2150E333-8FDC-42A3-9474-1A3956D46DE8}") = "4 - Entidades", "4 - Entidades", "{E1BFB66D-8CEB-4C6D-BAE6-4F797BB779E1}"
EndProject
Project("{2150E333-8FDC-42A3-9474-1A3956D46DE8}") = "5 - Helpers", "5 - Helpers", "{E3C133F4-08EF-48E3-B383-577AB491257E}"
EndProject
Project("{FAE04EC0-301F-11D3-BF4B-00C04F79EFBC}") = "WebApi", "WebApi\WebApi.csproj", "{A37EE417-31B0-4711-9039-7311329F2222}"
EndProject
Project("{FAE04EC0-301F-11D3-BF4B-00C04F79EFBC}") = "Entities", "Entities\Entities.csproj", "{AE1613BA-5502-400A-A463-118F266C7C4D}"
EndProject
Project("{FAE04EC0-301F-11D3-BF4B-00C04F79EFBC}") = "Helpers", "Helpers\Helpers.csproj", "{C71A02A9-7398-42C5-A94D-D242DE721318}"
EndProject
Project("{FAE04EC0-301F-11D3-BF4B-00C04F79EFBC}") = "Infra", "Infra\Infra.csproj", "{CB33E1CC-2822-4485-B97C-0D13257A2D60}"
EndProject
Global
	GlobalSection(SolutionConfigurationPlatforms) = preSolution
		Debug|Any CPU = Debug|Any CPU
		Release|Any CPU = Release|Any CPU
	EndGlobalSection
	GlobalSection(ProjectConfigurationPlatforms) = postSolution
		{FAFDA532-7BA2-40FD-A290-9234BC661884}.Debug|Any CPU.ActiveCfg = Debug|Any CPU
		{FAFDA532-7BA2-40FD-A290-9234BC661884}.Debug|Any CPU.Build.0 = Debug|Any CPU
		{FAFDA532-7BA2-40FD-A290-9234BC661884}.Release|Any CPU.ActiveCfg = Release|Any CPU
		{FAFDA532-7BA2-40FD-A290-9234BC661884}.Release|Any CPU.Build.0 = Release|Any CPU
		{A37EE417-31B0-4711-9039-7311329F2222}.Debug|Any CPU.ActiveCfg = Debug|Any CPU
		{A37EE417-31B0-4711-9039-7311329F2222}.Debug|Any CPU.Build.0 = Debug|Any CPU
		{A37EE417-31B0-4711-9039-7311329F2222}.Release|Any CPU.ActiveCfg = Release|Any CPU
		{A37EE417-31B0-4711-9039-7311329F2222}.Release|Any CPU.Build.0 = Release|Any CPU
		{AE1613BA-5502-400A-A463-118F266C7C4D}.Debug|Any CPU.ActiveCfg = Debug|Any CPU
		{AE1613BA-5502-400A-A463-118F266C7C4D}.Debug|Any CPU.Build.0 = Debug|Any CPU
		{AE1613BA-5502-400A-A463-118F266C7C4D}.Release|Any CPU.ActiveCfg = Release|Any CPU
		{AE1613BA-5502-400A-A463-118F266C7C4D}.Release|Any CPU.Build.0 = Release|Any CPU
		{C71A02A9-7398-42C5-A94D-D242DE721318}.Debug|Any CPU.ActiveCfg = Debug|Any CPU
		{C71A02A9-7398-42C5-A94D-D242DE721318}.Debug|Any CPU.Build.0 = Debug|Any CPU
		{C71A02A9-7398-42C5-A94D-D242DE721318}.Release|Any CPU.ActiveCfg = Release|Any CPU
		{C71A02A9-7398-42C5-A94D-D242DE721318}.Release|Any CPU.Build.0 = Release|Any CPU
		{CB33E1CC-2822-4485-B97C-0D13257A2D60}.Debug|Any CPU.ActiveCfg = Debug|Any CPU
		{CB33E1CC-2822-4485-B97C-0D13257A2D60}.Debug|Any CPU.Build.0 = Debug|Any CPU
		{CB33E1CC-2822-4485-B97C-0D13257A2D60}.Release|Any CPU.ActiveCfg = Release|Any CPU
		{CB33E1CC-2822-4485-B97C-0D13257A2D60}.Release|Any CPU.Build.0 = Release|Any CPU
	EndGlobalSection
	GlobalSection(SolutionProperties) = preSolution
		HideSolutionNode = FALSE
	EndGlobalSection
	GlobalSection(NestedProjects) = preSolution
		{FAFDA532-7BA2-40FD-A290-9234BC661884} = {A582DC55-3F70-47FE-AA85-74BB8F4319E7}
		{A37EE417-31B0-4711-9039-7311329F2222} = {D55BC61A-C0A5-44C6-8AAD-DAB8FE6E9140}
		{AE1613BA-5502-400A-A463-118F266C7C4D} = {E1BFB66D-8CEB-4C6D-BAE6-4F797BB779E1}
		{C71A02A9-7398-42C5-A94D-D242DE721318} = {E3C133F4-08EF-48E3-B383-577AB491257E}
		{CB33E1CC-2822-4485-B97C-0D13257A2D60} = {2E6238EC-03B4-47E1-A9BF-F9429615D04F}
	EndGlobalSection
	GlobalSection(ExtensibilityGlobals) = postSolution
		SolutionGuid = {F5B47DA1-77A7-4BA3-8A70-04344B984E21}
	EndGlobalSection
EndGlobal
